
Microsoft Visual Studio Solution File, Format Version 11.00
# Visual Studio 2010
Project("{FAE04EC0-301F-11D3-BF4B-00C04F79EFBC}") = "Feng.Gps", "Feng.GPS\Feng.Gps.csproj", "{4782CF78-AABF-495C-ACAD-58FC3AF77204}"
EndProject
Project("{FAE04EC0-301F-11D3-BF4B-00C04F79EFBC}") = "MapUtil", "MapUtil\MapUtil.csproj", "{7B7B5782-27D4-42E8-97D2-271188B0557E}"
EndProject
Project("{FAE04EC0-301F-11D3-BF4B-00C04F79EFBC}") = "Feng.Map", "Feng.Map\Feng.Map.csproj", "{14C3CA1B-2998-4B26-B837-BE1A9095B517}"
EndProject
Project("{FAE04EC0-301F-11D3-BF4B-00C04F79EFBC}") = "Feng.Data", "Feng.Data\Feng.Data.csproj", "{DB143125-34D2-4C56-8506-C51F9E06736A}"
EndProject
Global
	GlobalSection(SolutionConfigurationPlatforms) = preSolution
		Debug|Any CPU = Debug|Any CPU
		Release|Any CPU = Release|Any CPU
	EndGlobalSection
	GlobalSection(ProjectConfigurationPlatforms) = postSolution
		{4782CF78-AABF-495C-ACAD-58FC3AF77204}.Debug|Any CPU.ActiveCfg = Debug|Any CPU
		{4782CF78-AABF-495C-ACAD-58FC3AF77204}.Debug|Any CPU.Build.0 = Debug|Any CPU
		{4782CF78-AABF-495C-ACAD-58FC3AF77204}.Release|Any CPU.ActiveCfg = Release|Any CPU
		{4782CF78-AABF-495C-ACAD-58FC3AF77204}.Release|Any CPU.Build.0 = Release|Any CPU
		{7B7B5782-27D4-42E8-97D2-271188B0557E}.Debug|Any CPU.ActiveCfg = Debug|Any CPU
		{7B7B5782-27D4-42E8-97D2-271188B0557E}.Debug|Any CPU.Build.0 = Debug|Any CPU
		{7B7B5782-27D4-42E8-97D2-271188B0557E}.Release|Any CPU.ActiveCfg = Release|Any CPU
		{7B7B5782-27D4-42E8-97D2-271188B0557E}.Release|Any CPU.Build.0 = Release|Any CPU
		{14C3CA1B-2998-4B26-B837-BE1A9095B517}.Debug|Any CPU.ActiveCfg = Debug|Any CPU
		{14C3CA1B-2998-4B26-B837-BE1A9095B517}.Debug|Any CPU.Build.0 = Debug|Any CPU
		{14C3CA1B-2998-4B26-B837-BE1A9095B517}.Release|Any CPU.ActiveCfg = Release|Any CPU
		{14C3CA1B-2998-4B26-B837-BE1A9095B517}.Release|Any CPU.Build.0 = Release|Any CPU
		{DB143125-34D2-4C56-8506-C51F9E06736A}.Debug|Any CPU.ActiveCfg = Debug|Any CPU
		{DB143125-34D2-4C56-8506-C51F9E06736A}.Debug|Any CPU.Build.0 = Debug|Any CPU
		{DB143125-34D2-4C56-8506-C51F9E06736A}.Release|Any CPU.ActiveCfg = Release|Any CPU
		{DB143125-34D2-4C56-8506-C51F9E06736A}.Release|Any CPU.Build.0 = Release|Any CPU
	EndGlobalSection
	GlobalSection(SolutionProperties) = preSolution
		HideSolutionNode = FALSE
	EndGlobalSection
EndGlobal
