
Microsoft Visual Studio Solution File, Format Version 11.00
# Visual Studio 2010
Project("{FAE04EC0-301F-11D3-BF4B-00C04F79EFBC}") = "Feng.Grid", "Feng.Grid\Feng.Grid.csproj", "{E24BD401-38B8-410D-90A8-2C1AB0F94C3F}"
	ProjectSection(ProjectDependencies) = postProject
		{D1EA1E0E-BC1A-4CF4-8BAB-FE2476B5ACE6} = {D1EA1E0E-BC1A-4CF4-8BAB-FE2476B5ACE6}
		{60A9DA98-A865-4775-8C93-01D9C723F4DD} = {60A9DA98-A865-4775-8C93-01D9C723F4DD}
	EndProjectSection
EndProject
Project("{FAE04EC0-301F-11D3-BF4B-00C04F79EFBC}") = "Feng.Windows.Controller", "Feng.Windows.Controller\Feng.Windows.Controller.csproj", "{686D5E69-7103-4CB2-A724-3E2C6F2EFD86}"
	ProjectSection(ProjectDependencies) = postProject
		{D1EA1E0E-BC1A-4CF4-8BAB-FE2476B5ACE6} = {D1EA1E0E-BC1A-4CF4-8BAB-FE2476B5ACE6}
		{67B477A7-E8E8-445F-8393-6ED76F5C37D9} = {67B477A7-E8E8-445F-8393-6ED76F5C37D9}
	EndProjectSection
EndProject
Project("{FAE04EC0-301F-11D3-BF4B-00C04F79EFBC}") = "Feng.Windows.Application", "Feng.Windows.View\Feng.Windows.Application.csproj", "{AB5BA1B3-633A-4D93-B464-EC836778FD45}"
	ProjectSection(ProjectDependencies) = postProject
		{E24BD401-38B8-410D-90A8-2C1AB0F94C3F} = {E24BD401-38B8-410D-90A8-2C1AB0F94C3F}
		{D1EA1E0E-BC1A-4CF4-8BAB-FE2476B5ACE6} = {D1EA1E0E-BC1A-4CF4-8BAB-FE2476B5ACE6}
		{14C3CA1B-2998-4B26-B837-BE1A9095B517} = {14C3CA1B-2998-4B26-B837-BE1A9095B517}
		{686D5E69-7103-4CB2-A724-3E2C6F2EFD86} = {686D5E69-7103-4CB2-A724-3E2C6F2EFD86}
		{60A9DA98-A865-4775-8C93-01D9C723F4DD} = {60A9DA98-A865-4775-8C93-01D9C723F4DD}
		{ED35E299-67D7-4A3F-A63F-643481FCC633} = {ED35E299-67D7-4A3F-A63F-643481FCC633}
		{67B477A7-E8E8-445F-8393-6ED76F5C37D9} = {67B477A7-E8E8-445F-8393-6ED76F5C37D9}
	EndProjectSection
EndProject
Project("{FAE04EC0-301F-11D3-BF4B-00C04F79EFBC}") = "Feng.Windows", "Feng.Windows\Feng.Windows.csproj", "{D1EA1E0E-BC1A-4CF4-8BAB-FE2476B5ACE6}"
EndProject
Project("{FAE04EC0-301F-11D3-BF4B-00C04F79EFBC}") = "Feng.Windows.Forms", "Feng.Windows.Forms\Feng.Windows.Forms.csproj", "{60A9DA98-A865-4775-8C93-01D9C723F4DD}"
	ProjectSection(ProjectDependencies) = postProject
		{D1EA1E0E-BC1A-4CF4-8BAB-FE2476B5ACE6} = {D1EA1E0E-BC1A-4CF4-8BAB-FE2476B5ACE6}
	EndProjectSection
EndProject
Project("{2150E333-8FDC-42A3-9474-1A3956D46DE8}") = "Solution Items", "Solution Items", "{AC3BFCD2-3418-4949-9B37-9B0E3E2BA085}"
EndProject
Project("{FAE04EC0-301F-11D3-BF4B-00C04F79EFBC}") = "Feng.Report", "Feng.Report\Feng.Report.csproj", "{ED35E299-67D7-4A3F-A63F-643481FCC633}"
EndProject
Project("{FAE04EC0-301F-11D3-BF4B-00C04F79EFBC}") = "CredentialsManager", "CredentialsManagerClient\CredentialsManager.csproj", "{32AEDA90-AC16-46B5-9869-485103141292}"
EndProject
Project("{FAE04EC0-301F-11D3-BF4B-00C04F79EFBC}") = "Feng.Windows.Model", "Feng.Windows.Model\Feng.Windows.Model.csproj", "{67B477A7-E8E8-445F-8393-6ED76F5C37D9}"
	ProjectSection(ProjectDependencies) = postProject
		{D1EA1E0E-BC1A-4CF4-8BAB-FE2476B5ACE6} = {D1EA1E0E-BC1A-4CF4-8BAB-FE2476B5ACE6}
	EndProjectSection
EndProject
Project("{FAE04EC0-301F-11D3-BF4B-00C04F79EFBC}") = "Feng.Run", "Feng.Run\Feng.Run.csproj", "{34DFADA2-612E-4C56-8062-99E08DAF2CFC}"
	ProjectSection(ProjectDependencies) = postProject
		{AB5BA1B3-633A-4D93-B464-EC836778FD45} = {AB5BA1B3-633A-4D93-B464-EC836778FD45}
	EndProjectSection
EndProject
Project("{FAE04EC0-301F-11D3-BF4B-00C04F79EFBC}") = "ADInfosUtil", "ADInfosUtil\ADInfosUtil.csproj", "{E4B9F632-2010-4846-83F5-9347A4B5150B}"
	ProjectSection(ProjectDependencies) = postProject
		{34DFADA2-612E-4C56-8062-99E08DAF2CFC} = {34DFADA2-612E-4C56-8062-99E08DAF2CFC}
	EndProjectSection
EndProject
Project("{FAE04EC0-301F-11D3-BF4B-00C04F79EFBC}") = "Feng.Map", "Feng.Map\Feng.Map.csproj", "{14C3CA1B-2998-4B26-B837-BE1A9095B517}"
	ProjectSection(ProjectDependencies) = postProject
		{67B477A7-E8E8-445F-8393-6ED76F5C37D9} = {67B477A7-E8E8-445F-8393-6ED76F5C37D9}
	EndProjectSection
EndProject
Project("{FAE04EC0-301F-11D3-BF4B-00C04F79EFBC}") = "Feng.Base", "Feng.Base\Feng.Base.csproj", "{ABC84F9A-3E1F-4827-8EB8-F6DE6F78904B}"
EndProject
Project("{FAE04EC0-301F-11D3-BF4B-00C04F79EFBC}") = "Feng.Controller", "Feng.Controller\Feng.Controller.csproj", "{BC3E6AB2-67F8-45C0-85CF-95D490707D50}"
EndProject
Global
	GlobalSection(SolutionConfigurationPlatforms) = preSolution
		Debug|Any CPU = Debug|Any CPU
		Release|Any CPU = Release|Any CPU
	EndGlobalSection
	GlobalSection(ProjectConfigurationPlatforms) = postSolution
		{E24BD401-38B8-410D-90A8-2C1AB0F94C3F}.Debug|Any CPU.ActiveCfg = Debug|Any CPU
		{E24BD401-38B8-410D-90A8-2C1AB0F94C3F}.Debug|Any CPU.Build.0 = Debug|Any CPU
		{E24BD401-38B8-410D-90A8-2C1AB0F94C3F}.Release|Any CPU.ActiveCfg = Release|Any CPU
		{E24BD401-38B8-410D-90A8-2C1AB0F94C3F}.Release|Any CPU.Build.0 = Release|Any CPU
		{686D5E69-7103-4CB2-A724-3E2C6F2EFD86}.Debug|Any CPU.ActiveCfg = Debug|Any CPU
		{686D5E69-7103-4CB2-A724-3E2C6F2EFD86}.Debug|Any CPU.Build.0 = Debug|Any CPU
		{686D5E69-7103-4CB2-A724-3E2C6F2EFD86}.Release|Any CPU.ActiveCfg = Release|Any CPU
		{686D5E69-7103-4CB2-A724-3E2C6F2EFD86}.Release|Any CPU.Build.0 = Release|Any CPU
		{AB5BA1B3-633A-4D93-B464-EC836778FD45}.Debug|Any CPU.ActiveCfg = Debug|Any CPU
		{AB5BA1B3-633A-4D93-B464-EC836778FD45}.Debug|Any CPU.Build.0 = Debug|Any CPU
		{AB5BA1B3-633A-4D93-B464-EC836778FD45}.Release|Any CPU.ActiveCfg = Release|Any CPU
		{AB5BA1B3-633A-4D93-B464-EC836778FD45}.Release|Any CPU.Build.0 = Release|Any CPU
		{D1EA1E0E-BC1A-4CF4-8BAB-FE2476B5ACE6}.Debug|Any CPU.ActiveCfg = Debug|Any CPU
		{D1EA1E0E-BC1A-4CF4-8BAB-FE2476B5ACE6}.Debug|Any CPU.Build.0 = Debug|Any CPU
		{D1EA1E0E-BC1A-4CF4-8BAB-FE2476B5ACE6}.Release|Any CPU.ActiveCfg = Release|Any CPU
		{D1EA1E0E-BC1A-4CF4-8BAB-FE2476B5ACE6}.Release|Any CPU.Build.0 = Release|Any CPU
		{60A9DA98-A865-4775-8C93-01D9C723F4DD}.Debug|Any CPU.ActiveCfg = Debug|Any CPU
		{60A9DA98-A865-4775-8C93-01D9C723F4DD}.Debug|Any CPU.Build.0 = Debug|Any CPU
		{60A9DA98-A865-4775-8C93-01D9C723F4DD}.Release|Any CPU.ActiveCfg = Release|Any CPU
		{60A9DA98-A865-4775-8C93-01D9C723F4DD}.Release|Any CPU.Build.0 = Release|Any CPU
		{ED35E299-67D7-4A3F-A63F-643481FCC633}.Debug|Any CPU.ActiveCfg = Debug|Any CPU
		{ED35E299-67D7-4A3F-A63F-643481FCC633}.Debug|Any CPU.Build.0 = Debug|Any CPU
		{ED35E299-67D7-4A3F-A63F-643481FCC633}.Release|Any CPU.ActiveCfg = Release|Any CPU
		{ED35E299-67D7-4A3F-A63F-643481FCC633}.Release|Any CPU.Build.0 = Release|Any CPU
		{32AEDA90-AC16-46B5-9869-485103141292}.Debug|Any CPU.ActiveCfg = Debug|Any CPU
		{32AEDA90-AC16-46B5-9869-485103141292}.Debug|Any CPU.Build.0 = Debug|Any CPU
		{32AEDA90-AC16-46B5-9869-485103141292}.Release|Any CPU.ActiveCfg = Release|Any CPU
		{32AEDA90-AC16-46B5-9869-485103141292}.Release|Any CPU.Build.0 = Release|Any CPU
		{67B477A7-E8E8-445F-8393-6ED76F5C37D9}.Debug|Any CPU.ActiveCfg = Debug|Any CPU
		{67B477A7-E8E8-445F-8393-6ED76F5C37D9}.Debug|Any CPU.Build.0 = Debug|Any CPU
		{67B477A7-E8E8-445F-8393-6ED76F5C37D9}.Release|Any CPU.ActiveCfg = Release|Any CPU
		{67B477A7-E8E8-445F-8393-6ED76F5C37D9}.Release|Any CPU.Build.0 = Release|Any CPU
		{34DFADA2-612E-4C56-8062-99E08DAF2CFC}.Debug|Any CPU.ActiveCfg = Debug|Any CPU
		{34DFADA2-612E-4C56-8062-99E08DAF2CFC}.Debug|Any CPU.Build.0 = Debug|Any CPU
		{34DFADA2-612E-4C56-8062-99E08DAF2CFC}.Release|Any CPU.ActiveCfg = Release|Any CPU
		{34DFADA2-612E-4C56-8062-99E08DAF2CFC}.Release|Any CPU.Build.0 = Release|Any CPU
		{E4B9F632-2010-4846-83F5-9347A4B5150B}.Debug|Any CPU.ActiveCfg = Debug|Any CPU
		{E4B9F632-2010-4846-83F5-9347A4B5150B}.Debug|Any CPU.Build.0 = Debug|Any CPU
		{E4B9F632-2010-4846-83F5-9347A4B5150B}.Release|Any CPU.ActiveCfg = Release|Any CPU
		{E4B9F632-2010-4846-83F5-9347A4B5150B}.Release|Any CPU.Build.0 = Release|Any CPU
		{14C3CA1B-2998-4B26-B837-BE1A9095B517}.Debug|Any CPU.ActiveCfg = Debug|Any CPU
		{14C3CA1B-2998-4B26-B837-BE1A9095B517}.Debug|Any CPU.Build.0 = Debug|Any CPU
		{14C3CA1B-2998-4B26-B837-BE1A9095B517}.Release|Any CPU.ActiveCfg = Release|Any CPU
		{14C3CA1B-2998-4B26-B837-BE1A9095B517}.Release|Any CPU.Build.0 = Release|Any CPU
		{ABC84F9A-3E1F-4827-8EB8-F6DE6F78904B}.Debug|Any CPU.ActiveCfg = Debug|Any CPU
		{ABC84F9A-3E1F-4827-8EB8-F6DE6F78904B}.Debug|Any CPU.Build.0 = Debug|Any CPU
		{ABC84F9A-3E1F-4827-8EB8-F6DE6F78904B}.Release|Any CPU.ActiveCfg = Release|Any CPU
		{ABC84F9A-3E1F-4827-8EB8-F6DE6F78904B}.Release|Any CPU.Build.0 = Release|Any CPU
		{BC3E6AB2-67F8-45C0-85CF-95D490707D50}.Debug|Any CPU.ActiveCfg = Debug|Any CPU
		{BC3E6AB2-67F8-45C0-85CF-95D490707D50}.Debug|Any CPU.Build.0 = Debug|Any CPU
		{BC3E6AB2-67F8-45C0-85CF-95D490707D50}.Release|Any CPU.ActiveCfg = Release|Any CPU
		{BC3E6AB2-67F8-45C0-85CF-95D490707D50}.Release|Any CPU.Build.0 = Release|Any CPU
	EndGlobalSection
	GlobalSection(SolutionProperties) = preSolution
		HideSolutionNode = FALSE
	EndGlobalSection
EndGlobal
