
Microsoft Visual Studio Solution File, Format Version 11.00
# Visual Studio 2010
Project("{FAE04EC0-301F-11D3-BF4B-00C04F79EFBC}") = "Feng.Script", "Feng.Script\Feng.Script.csproj", "{1DD789E3-AE0A-4BF4-B43B-5AE2A9F8573F}"
EndProject
Project("{FAE04EC0-301F-11D3-BF4B-00C04F79EFBC}") = "Feng.NH", "Feng.NH\Feng.NH.csproj", "{E5257D3B-E4B9-4502-B7AB-84820EECF5E5}"
EndProject
Project("{FAE04EC0-301F-11D3-BF4B-00C04F79EFBC}") = "Feng.Data", "Feng.Data\Feng.Data.csproj", "{DB143125-34D2-4C56-8506-C51F9E06736A}"
	ProjectSection(ProjectDependencies) = postProject
		{ABC84F9A-3E1F-4827-8EB8-F6DE6F78904B} = {ABC84F9A-3E1F-4827-8EB8-F6DE6F78904B}
	EndProjectSection
EndProject
Project("{FAE04EC0-301F-11D3-BF4B-00C04F79EFBC}") = "Feng.Resource", "Feng.Resource\Feng.Resource.csproj", "{732C962A-07AC-44AF-8608-8BCD46341E70}"
EndProject
Project("{2150E333-8FDC-42A3-9474-1A3956D46DE8}") = "Solution Items", "Solution Items", "{AC3BFCD2-3418-4949-9B37-9B0E3E2BA085}"
EndProject
Project("{FAE04EC0-301F-11D3-BF4B-00C04F79EFBC}") = "Feng.Security", "Feng.Security\Feng.Security.csproj", "{123DAB76-C8DD-4F1C-BD84-74B539B5C45F}"
EndProject
Project("{FAE04EC0-301F-11D3-BF4B-00C04F79EFBC}") = "Feng.Net", "Feng.Net\Feng.Net.csproj", "{30E49865-BD2E-4B1C-A35C-6C81B2A54292}"
EndProject
Project("{FAE04EC0-301F-11D3-BF4B-00C04F79EFBC}") = "Feng.GPS", "Feng.GPS\Feng.GPS.csproj", "{4782CF78-AABF-495C-ACAD-58FC3AF77204}"
	ProjectSection(ProjectDependencies) = postProject
		{284BE641-557D-4DB8-83F7-DDB2D1C06121} = {284BE641-557D-4DB8-83F7-DDB2D1C06121}
		{ABC84F9A-3E1F-4827-8EB8-F6DE6F78904B} = {ABC84F9A-3E1F-4827-8EB8-F6DE6F78904B}
		{0761ACA0-AAB1-4FDB-B9A8-3729157B331C} = {0761ACA0-AAB1-4FDB-B9A8-3729157B331C}
	EndProjectSection
EndProject
Project("{FAE04EC0-301F-11D3-BF4B-00C04F79EFBC}") = "Feng.Base", "Feng.Base\Feng.Base.csproj", "{ABC84F9A-3E1F-4827-8EB8-F6DE6F78904B}"
EndProject
Project("{FAE04EC0-301F-11D3-BF4B-00C04F79EFBC}") = "Feng.Controller", "Feng.Controller\Feng.Controller.csproj", "{BC3E6AB2-67F8-45C0-85CF-95D490707D50}"
	ProjectSection(ProjectDependencies) = postProject
		{ABC84F9A-3E1F-4827-8EB8-F6DE6F78904B} = {ABC84F9A-3E1F-4827-8EB8-F6DE6F78904B}
		{0761ACA0-AAB1-4FDB-B9A8-3729157B331C} = {0761ACA0-AAB1-4FDB-B9A8-3729157B331C}
		{7EC88EA3-4500-40B6-97BD-CF0353D52FF5} = {7EC88EA3-4500-40B6-97BD-CF0353D52FF5}
	EndProjectSection
EndProject
Project("{FAE04EC0-301F-11D3-BF4B-00C04F79EFBC}") = "Feng.View", "Feng.View\Feng.View.csproj", "{7EC88EA3-4500-40B6-97BD-CF0353D52FF5}"
EndProject
Project("{FAE04EC0-301F-11D3-BF4B-00C04F79EFBC}") = "Feng.Model", "Feng.Model\Feng.Model.csproj", "{0761ACA0-AAB1-4FDB-B9A8-3729157B331C}"
	ProjectSection(ProjectDependencies) = postProject
		{ABC84F9A-3E1F-4827-8EB8-F6DE6F78904B} = {ABC84F9A-3E1F-4827-8EB8-F6DE6F78904B}
	EndProjectSection
EndProject
Project("{FAE04EC0-301F-11D3-BF4B-00C04F79EFBC}") = "Feng.Dao", "Feng.Dao\Feng.Dao.csproj", "{284BE641-557D-4DB8-83F7-DDB2D1C06121}"
	ProjectSection(ProjectDependencies) = postProject
		{BC3E6AB2-67F8-45C0-85CF-95D490707D50} = {BC3E6AB2-67F8-45C0-85CF-95D490707D50}
	EndProjectSection
EndProject
Global
	GlobalSection(SolutionConfigurationPlatforms) = preSolution
		Debug|Any CPU = Debug|Any CPU
		Debug|x86 = Debug|x86
		Release|Any CPU = Release|Any CPU
		Release|x86 = Release|x86
	EndGlobalSection
	GlobalSection(ProjectConfigurationPlatforms) = postSolution
		{1DD789E3-AE0A-4BF4-B43B-5AE2A9F8573F}.Debug|Any CPU.ActiveCfg = Debug|Any CPU
		{1DD789E3-AE0A-4BF4-B43B-5AE2A9F8573F}.Debug|Any CPU.Build.0 = Debug|Any CPU
		{1DD789E3-AE0A-4BF4-B43B-5AE2A9F8573F}.Debug|x86.ActiveCfg = Debug|Any CPU
		{1DD789E3-AE0A-4BF4-B43B-5AE2A9F8573F}.Release|Any CPU.ActiveCfg = Release|Any CPU
		{1DD789E3-AE0A-4BF4-B43B-5AE2A9F8573F}.Release|Any CPU.Build.0 = Release|Any CPU
		{1DD789E3-AE0A-4BF4-B43B-5AE2A9F8573F}.Release|x86.ActiveCfg = Release|Any CPU
		{E5257D3B-E4B9-4502-B7AB-84820EECF5E5}.Debug|Any CPU.ActiveCfg = Debug|Any CPU
		{E5257D3B-E4B9-4502-B7AB-84820EECF5E5}.Debug|Any CPU.Build.0 = Debug|Any CPU
		{E5257D3B-E4B9-4502-B7AB-84820EECF5E5}.Debug|x86.ActiveCfg = Debug|Any CPU
		{E5257D3B-E4B9-4502-B7AB-84820EECF5E5}.Release|Any CPU.ActiveCfg = Release|Any CPU
		{E5257D3B-E4B9-4502-B7AB-84820EECF5E5}.Release|Any CPU.Build.0 = Release|Any CPU
		{E5257D3B-E4B9-4502-B7AB-84820EECF5E5}.Release|x86.ActiveCfg = Release|Any CPU
		{DB143125-34D2-4C56-8506-C51F9E06736A}.Debug|Any CPU.ActiveCfg = Debug|Any CPU
		{DB143125-34D2-4C56-8506-C51F9E06736A}.Debug|Any CPU.Build.0 = Debug|Any CPU
		{DB143125-34D2-4C56-8506-C51F9E06736A}.Debug|x86.ActiveCfg = Debug|Any CPU
		{DB143125-34D2-4C56-8506-C51F9E06736A}.Release|Any CPU.ActiveCfg = Release|Any CPU
		{DB143125-34D2-4C56-8506-C51F9E06736A}.Release|Any CPU.Build.0 = Release|Any CPU
		{DB143125-34D2-4C56-8506-C51F9E06736A}.Release|x86.ActiveCfg = Release|Any CPU
		{732C962A-07AC-44AF-8608-8BCD46341E70}.Debug|Any CPU.ActiveCfg = Debug|Any CPU
		{732C962A-07AC-44AF-8608-8BCD46341E70}.Debug|Any CPU.Build.0 = Debug|Any CPU
		{732C962A-07AC-44AF-8608-8BCD46341E70}.Debug|x86.ActiveCfg = Debug|Any CPU
		{732C962A-07AC-44AF-8608-8BCD46341E70}.Release|Any CPU.ActiveCfg = Release|Any CPU
		{732C962A-07AC-44AF-8608-8BCD46341E70}.Release|Any CPU.Build.0 = Release|Any CPU
		{732C962A-07AC-44AF-8608-8BCD46341E70}.Release|x86.ActiveCfg = Release|Any CPU
		{123DAB76-C8DD-4F1C-BD84-74B539B5C45F}.Debug|Any CPU.ActiveCfg = Debug|Any CPU
		{123DAB76-C8DD-4F1C-BD84-74B539B5C45F}.Debug|Any CPU.Build.0 = Debug|Any CPU
		{123DAB76-C8DD-4F1C-BD84-74B539B5C45F}.Debug|x86.ActiveCfg = Debug|Any CPU
		{123DAB76-C8DD-4F1C-BD84-74B539B5C45F}.Release|Any CPU.ActiveCfg = Release|Any CPU
		{123DAB76-C8DD-4F1C-BD84-74B539B5C45F}.Release|Any CPU.Build.0 = Release|Any CPU
		{123DAB76-C8DD-4F1C-BD84-74B539B5C45F}.Release|x86.ActiveCfg = Release|Any CPU
		{30E49865-BD2E-4B1C-A35C-6C81B2A54292}.Debug|Any CPU.ActiveCfg = Debug|Any CPU
		{30E49865-BD2E-4B1C-A35C-6C81B2A54292}.Debug|Any CPU.Build.0 = Debug|Any CPU
		{30E49865-BD2E-4B1C-A35C-6C81B2A54292}.Debug|x86.ActiveCfg = Debug|Any CPU
		{30E49865-BD2E-4B1C-A35C-6C81B2A54292}.Release|Any CPU.ActiveCfg = Release|Any CPU
		{30E49865-BD2E-4B1C-A35C-6C81B2A54292}.Release|Any CPU.Build.0 = Release|Any CPU
		{30E49865-BD2E-4B1C-A35C-6C81B2A54292}.Release|x86.ActiveCfg = Release|Any CPU
		{4782CF78-AABF-495C-ACAD-58FC3AF77204}.Debug|Any CPU.ActiveCfg = Debug|Any CPU
		{4782CF78-AABF-495C-ACAD-58FC3AF77204}.Debug|Any CPU.Build.0 = Debug|Any CPU
		{4782CF78-AABF-495C-ACAD-58FC3AF77204}.Debug|x86.ActiveCfg = Debug|Any CPU
		{4782CF78-AABF-495C-ACAD-58FC3AF77204}.Release|Any CPU.ActiveCfg = Release|Any CPU
		{4782CF78-AABF-495C-ACAD-58FC3AF77204}.Release|Any CPU.Build.0 = Release|Any CPU
		{4782CF78-AABF-495C-ACAD-58FC3AF77204}.Release|x86.ActiveCfg = Release|Any CPU
		{ABC84F9A-3E1F-4827-8EB8-F6DE6F78904B}.Debug|Any CPU.ActiveCfg = Debug|Any CPU
		{ABC84F9A-3E1F-4827-8EB8-F6DE6F78904B}.Debug|Any CPU.Build.0 = Debug|Any CPU
		{ABC84F9A-3E1F-4827-8EB8-F6DE6F78904B}.Debug|x86.ActiveCfg = Debug|x86
		{ABC84F9A-3E1F-4827-8EB8-F6DE6F78904B}.Debug|x86.Build.0 = Debug|x86
		{ABC84F9A-3E1F-4827-8EB8-F6DE6F78904B}.Release|Any CPU.ActiveCfg = Release|Any CPU
		{ABC84F9A-3E1F-4827-8EB8-F6DE6F78904B}.Release|Any CPU.Build.0 = Release|Any CPU
		{ABC84F9A-3E1F-4827-8EB8-F6DE6F78904B}.Release|x86.ActiveCfg = Release|x86
		{ABC84F9A-3E1F-4827-8EB8-F6DE6F78904B}.Release|x86.Build.0 = Release|x86
		{BC3E6AB2-67F8-45C0-85CF-95D490707D50}.Debug|Any CPU.ActiveCfg = Debug|Any CPU
		{BC3E6AB2-67F8-45C0-85CF-95D490707D50}.Debug|Any CPU.Build.0 = Debug|Any CPU
		{BC3E6AB2-67F8-45C0-85CF-95D490707D50}.Debug|x86.ActiveCfg = Debug|x86
		{BC3E6AB2-67F8-45C0-85CF-95D490707D50}.Debug|x86.Build.0 = Debug|x86
		{BC3E6AB2-67F8-45C0-85CF-95D490707D50}.Release|Any CPU.ActiveCfg = Release|Any CPU
		{BC3E6AB2-67F8-45C0-85CF-95D490707D50}.Release|Any CPU.Build.0 = Release|Any CPU
		{BC3E6AB2-67F8-45C0-85CF-95D490707D50}.Release|x86.ActiveCfg = Release|x86
		{BC3E6AB2-67F8-45C0-85CF-95D490707D50}.Release|x86.Build.0 = Release|x86
		{7EC88EA3-4500-40B6-97BD-CF0353D52FF5}.Debug|Any CPU.ActiveCfg = Debug|Any CPU
		{7EC88EA3-4500-40B6-97BD-CF0353D52FF5}.Debug|Any CPU.Build.0 = Debug|Any CPU
		{7EC88EA3-4500-40B6-97BD-CF0353D52FF5}.Debug|x86.ActiveCfg = Debug|x86
		{7EC88EA3-4500-40B6-97BD-CF0353D52FF5}.Debug|x86.Build.0 = Debug|x86
		{7EC88EA3-4500-40B6-97BD-CF0353D52FF5}.Release|Any CPU.ActiveCfg = Release|Any CPU
		{7EC88EA3-4500-40B6-97BD-CF0353D52FF5}.Release|Any CPU.Build.0 = Release|Any CPU
		{7EC88EA3-4500-40B6-97BD-CF0353D52FF5}.Release|x86.ActiveCfg = Release|x86
		{7EC88EA3-4500-40B6-97BD-CF0353D52FF5}.Release|x86.Build.0 = Release|x86
		{0761ACA0-AAB1-4FDB-B9A8-3729157B331C}.Debug|Any CPU.ActiveCfg = Debug|Any CPU
		{0761ACA0-AAB1-4FDB-B9A8-3729157B331C}.Debug|Any CPU.Build.0 = Debug|Any CPU
		{0761ACA0-AAB1-4FDB-B9A8-3729157B331C}.Debug|x86.ActiveCfg = Debug|x86
		{0761ACA0-AAB1-4FDB-B9A8-3729157B331C}.Debug|x86.Build.0 = Debug|x86
		{0761ACA0-AAB1-4FDB-B9A8-3729157B331C}.Release|Any CPU.ActiveCfg = Release|Any CPU
		{0761ACA0-AAB1-4FDB-B9A8-3729157B331C}.Release|Any CPU.Build.0 = Release|Any CPU
		{0761ACA0-AAB1-4FDB-B9A8-3729157B331C}.Release|x86.ActiveCfg = Release|x86
		{0761ACA0-AAB1-4FDB-B9A8-3729157B331C}.Release|x86.Build.0 = Release|x86
		{284BE641-557D-4DB8-83F7-DDB2D1C06121}.Debug|Any CPU.ActiveCfg = Debug|Any CPU
		{284BE641-557D-4DB8-83F7-DDB2D1C06121}.Debug|Any CPU.Build.0 = Debug|Any CPU
		{284BE641-557D-4DB8-83F7-DDB2D1C06121}.Debug|x86.ActiveCfg = Debug|Any CPU
		{284BE641-557D-4DB8-83F7-DDB2D1C06121}.Release|Any CPU.ActiveCfg = Release|Any CPU
		{284BE641-557D-4DB8-83F7-DDB2D1C06121}.Release|Any CPU.Build.0 = Release|Any CPU
		{284BE641-557D-4DB8-83F7-DDB2D1C06121}.Release|x86.ActiveCfg = Release|Any CPU
	EndGlobalSection
	GlobalSection(SolutionProperties) = preSolution
		HideSolutionNode = FALSE
	EndGlobalSection
EndGlobal
