
Microsoft Visual Studio Solution File, Format Version 11.00
# Visual Studio 2010
Project("{FAE04EC0-301F-11D3-BF4B-00C04F79EFBC}") = "Feng.Run", "Feng.Run\Feng.Run.csproj", "{34DFADA2-612E-4C56-8062-99E08DAF2CFC}"
	ProjectSection(ProjectDependencies) = postProject
		{AB5BA1B3-633A-4D93-B464-EC836778FD45} = {AB5BA1B3-633A-4D93-B464-EC836778FD45}
		{932640FD-754F-4346-B098-4723DFCB2271} = {932640FD-754F-4346-B098-4723DFCB2271}
	EndProjectSection
EndProject
Project("{FAE04EC0-301F-11D3-BF4B-00C04F79EFBC}") = "Feng.Resource", "Feng.Resource\Feng.Resource.csproj", "{732C962A-07AC-44AF-8608-8BCD46341E70}"
EndProject
Project("{FAE04EC0-301F-11D3-BF4B-00C04F79EFBC}") = "Feng.Data", "Feng.Data\Feng.Data.csproj", "{DB143125-34D2-4C56-8506-C51F9E06736A}"
EndProject
Project("{FAE04EC0-301F-11D3-BF4B-00C04F79EFBC}") = "Feng.NH", "Feng.NH\Feng.NH.csproj", "{E5257D3B-E4B9-4502-B7AB-84820EECF5E5}"
	ProjectSection(ProjectDependencies) = postProject
		{DB143125-34D2-4C56-8506-C51F9E06736A} = {DB143125-34D2-4C56-8506-C51F9E06736A}
	EndProjectSection
EndProject
Project("{FAE04EC0-301F-11D3-BF4B-00C04F79EFBC}") = "Feng.Example", "Feng.Example\Feng.Example.csproj", "{6CD0146F-2355-441B-88BB-5704A58049EB}"
	ProjectSection(ProjectDependencies) = postProject
		{0761ACA0-AAB1-4FDB-B9A8-3729157B331C} = {0761ACA0-AAB1-4FDB-B9A8-3729157B331C}
		{34DFADA2-612E-4C56-8062-99E08DAF2CFC} = {34DFADA2-612E-4C56-8062-99E08DAF2CFC}
	EndProjectSection
EndProject
Project("{FAE04EC0-301F-11D3-BF4B-00C04F79EFBC}") = "Feng.Updater", "Feng.Updater\Feng.Updater.csproj", "{932640FD-754F-4346-B098-4723DFCB2271}"
EndProject
Project("{FAE04EC0-301F-11D3-BF4B-00C04F79EFBC}") = "ADInfosUtil", "ADInfosUtil\ADInfosUtil.csproj", "{E4B9F632-2010-4846-83F5-9347A4B5150B}"
	ProjectSection(ProjectDependencies) = postProject
		{34DFADA2-612E-4C56-8062-99E08DAF2CFC} = {34DFADA2-612E-4C56-8062-99E08DAF2CFC}
	EndProjectSection
EndProject
Project("{FAE04EC0-301F-11D3-BF4B-00C04F79EFBC}") = "Feng.Server", "Feng.Server\Feng.Server.csproj", "{C2B8A87E-94C9-4637-AF91-BF294ABE0F7F}"
	ProjectSection(ProjectDependencies) = postProject
		{34DFADA2-612E-4C56-8062-99E08DAF2CFC} = {34DFADA2-612E-4C56-8062-99E08DAF2CFC}
	EndProjectSection
EndProject
Project("{FAE04EC0-301F-11D3-BF4B-00C04F79EFBC}") = "Feng.Grid", "Feng.Grid\Feng.Grid.csproj", "{E24BD401-38B8-410D-90A8-2C1AB0F94C3F}"
	ProjectSection(ProjectDependencies) = postProject
		{DB143125-34D2-4C56-8506-C51F9E06736A} = {DB143125-34D2-4C56-8506-C51F9E06736A}
		{123DAB76-C8DD-4F1C-BD84-74B539B5C45F} = {123DAB76-C8DD-4F1C-BD84-74B539B5C45F}
		{60A9DA98-A865-4775-8C93-01D9C723F4DD} = {60A9DA98-A865-4775-8C93-01D9C723F4DD}
	EndProjectSection
EndProject
Project("{FAE04EC0-301F-11D3-BF4B-00C04F79EFBC}") = "Feng.Net", "Feng.Net\Feng.Net.csproj", "{30E49865-BD2E-4B1C-A35C-6C81B2A54292}"
EndProject
Project("{FAE04EC0-301F-11D3-BF4B-00C04F79EFBC}") = "Feng.Report", "Feng.Report\Feng.Report.csproj", "{ED35E299-67D7-4A3F-A63F-643481FCC633}"
	ProjectSection(ProjectDependencies) = postProject
		{D1EA1E0E-BC1A-4CF4-8BAB-FE2476B5ACE6} = {D1EA1E0E-BC1A-4CF4-8BAB-FE2476B5ACE6}
		{60A9DA98-A865-4775-8C93-01D9C723F4DD} = {60A9DA98-A865-4775-8C93-01D9C723F4DD}
	EndProjectSection
EndProject
Project("{FAE04EC0-301F-11D3-BF4B-00C04F79EFBC}") = "Feng.Security", "Feng.Security\Feng.Security.csproj", "{123DAB76-C8DD-4F1C-BD84-74B539B5C45F}"
EndProject
Project("{FAE04EC0-301F-11D3-BF4B-00C04F79EFBC}") = "Feng.Windows.Controller", "Feng.Windows.Controller\Feng.Windows.Controller.csproj", "{686D5E69-7103-4CB2-A724-3E2C6F2EFD86}"
	ProjectSection(ProjectDependencies) = postProject
		{DB143125-34D2-4C56-8506-C51F9E06736A} = {DB143125-34D2-4C56-8506-C51F9E06736A}
		{E5257D3B-E4B9-4502-B7AB-84820EECF5E5} = {E5257D3B-E4B9-4502-B7AB-84820EECF5E5}
		{60A9DA98-A865-4775-8C93-01D9C723F4DD} = {60A9DA98-A865-4775-8C93-01D9C723F4DD}
	EndProjectSection
EndProject
Project("{FAE04EC0-301F-11D3-BF4B-00C04F79EFBC}") = "CredentialsManager", "CredentialsManagerClient\CredentialsManager.csproj", "{32AEDA90-AC16-46B5-9869-485103141292}"
	ProjectSection(ProjectDependencies) = postProject
		{123DAB76-C8DD-4F1C-BD84-74B539B5C45F} = {123DAB76-C8DD-4F1C-BD84-74B539B5C45F}
	EndProjectSection
EndProject
Project("{FAE04EC0-301F-11D3-BF4B-00C04F79EFBC}") = "Feng.Sql", "Feng.Sql\Feng.Sql.csproj", "{A8876F05-7B89-4683-AE12-9AE5924FDC0E}"
	ProjectSection(ProjectDependencies) = postProject
		{34DFADA2-612E-4C56-8062-99E08DAF2CFC} = {34DFADA2-612E-4C56-8062-99E08DAF2CFC}
	EndProjectSection
EndProject
Project("{FAE04EC0-301F-11D3-BF4B-00C04F79EFBC}") = "Microsoft.Practices.ServiceLocation.SpringAdapter", "Microsoft.Practices.ServiceLocation.SpringAdapter\Microsoft.Practices.ServiceLocation.SpringAdapter.csproj", "{A5108927-68A3-4197-A48B-6A0DAE662435}"
EndProject
Project("{FAE04EC0-301F-11D3-BF4B-00C04F79EFBC}") = "NeokernelService", "NeokernelService\NeokernelService.csproj", "{276338D0-0F81-42AE-86F4-E5A9DEEF694D}"
EndProject
Project("{FAE04EC0-301F-11D3-BF4B-00C04F79EFBC}") = "NeokernelService.Admin", "NeokernelService.Admin\NeokernelService.Admin.csproj", "{1365E667-A5D2-46D6-B78C-7C6083C293F5}"
EndProject
Project("{FAE04EC0-301F-11D3-BF4B-00C04F79EFBC}") = "Feng.NeoKernel", "Feng.NeoKernel\Feng.NeoKernel.csproj", "{442B0DA8-B78B-4015-8D9F-7EE59D632469}"
	ProjectSection(ProjectDependencies) = postProject
		{34DFADA2-612E-4C56-8062-99E08DAF2CFC} = {34DFADA2-612E-4C56-8062-99E08DAF2CFC}
	EndProjectSection
EndProject
Project("{FAE04EC0-301F-11D3-BF4B-00C04F79EFBC}") = "Feng.Windows", "Feng.Windows\Feng.Windows.csproj", "{D1EA1E0E-BC1A-4CF4-8BAB-FE2476B5ACE6}"
EndProject
Project("{FAE04EC0-301F-11D3-BF4B-00C04F79EFBC}") = "Feng.Windows.Forms", "Feng.Windows.Forms\Feng.Windows.Forms.csproj", "{60A9DA98-A865-4775-8C93-01D9C723F4DD}"
	ProjectSection(ProjectDependencies) = postProject
		{D1EA1E0E-BC1A-4CF4-8BAB-FE2476B5ACE6} = {D1EA1E0E-BC1A-4CF4-8BAB-FE2476B5ACE6}
	EndProjectSection
EndProject
Project("{FAE04EC0-301F-11D3-BF4B-00C04F79EFBC}") = "Feng.Script", "Feng.Script\Feng.Script.csproj", "{1DD789E3-AE0A-4BF4-B43B-5AE2A9F8573F}"
	ProjectSection(ProjectDependencies) = postProject
		{D1EA1E0E-BC1A-4CF4-8BAB-FE2476B5ACE6} = {D1EA1E0E-BC1A-4CF4-8BAB-FE2476B5ACE6}
		{60A9DA98-A865-4775-8C93-01D9C723F4DD} = {60A9DA98-A865-4775-8C93-01D9C723F4DD}
	EndProjectSection
EndProject
Project("{FAE04EC0-301F-11D3-BF4B-00C04F79EFBC}") = "Feng.Gps", "Feng.GPS\Feng.Gps.csproj", "{4782CF78-AABF-495C-ACAD-58FC3AF77204}"
	ProjectSection(ProjectDependencies) = postProject
		{284BE641-557D-4DB8-83F7-DDB2D1C06121} = {284BE641-557D-4DB8-83F7-DDB2D1C06121}
		{0761ACA0-AAB1-4FDB-B9A8-3729157B331C} = {0761ACA0-AAB1-4FDB-B9A8-3729157B331C}
	EndProjectSection
EndProject
Project("{FAE04EC0-301F-11D3-BF4B-00C04F79EFBC}") = "Feng.Map", "Feng.Map\Feng.Map.csproj", "{14C3CA1B-2998-4B26-B837-BE1A9095B517}"
	ProjectSection(ProjectDependencies) = postProject
		{DB143125-34D2-4C56-8506-C51F9E06736A} = {DB143125-34D2-4C56-8506-C51F9E06736A}
		{4782CF78-AABF-495C-ACAD-58FC3AF77204} = {4782CF78-AABF-495C-ACAD-58FC3AF77204}
	EndProjectSection
EndProject
Project("{FAE04EC0-301F-11D3-BF4B-00C04F79EFBC}") = "MapUtil", "MapUtil\MapUtil.csproj", "{7B7B5782-27D4-42E8-97D2-271188B0557E}"
	ProjectSection(ProjectDependencies) = postProject
		{14C3CA1B-2998-4B26-B837-BE1A9095B517} = {14C3CA1B-2998-4B26-B837-BE1A9095B517}
	EndProjectSection
EndProject
Project("{FAE04EC0-301F-11D3-BF4B-00C04F79EFBC}") = "Feng.Windows.Application", "Feng.Windows.View\Feng.Windows.Application.csproj", "{AB5BA1B3-633A-4D93-B464-EC836778FD45}"
	ProjectSection(ProjectDependencies) = postProject
		{686D5E69-7103-4CB2-A724-3E2C6F2EFD86} = {686D5E69-7103-4CB2-A724-3E2C6F2EFD86}
		{60A9DA98-A865-4775-8C93-01D9C723F4DD} = {60A9DA98-A865-4775-8C93-01D9C723F4DD}
		{67B477A7-E8E8-445F-8393-6ED76F5C37D9} = {67B477A7-E8E8-445F-8393-6ED76F5C37D9}
	EndProjectSection
EndProject
Project("{FAE04EC0-301F-11D3-BF4B-00C04F79EFBC}") = "Feng.Windows.Model", "Feng.Windows.Model\Feng.Windows.Model.csproj", "{67B477A7-E8E8-445F-8393-6ED76F5C37D9}"
EndProject
Project("{FAE04EC0-301F-11D3-BF4B-00C04F79EFBC}") = "Feng.Base", "Feng.Base\Feng.Base.csproj", "{ABC84F9A-3E1F-4827-8EB8-F6DE6F78904B}"
EndProject
Project("{FAE04EC0-301F-11D3-BF4B-00C04F79EFBC}") = "Feng.Controller", "Feng.Controller\Feng.Controller.csproj", "{BC3E6AB2-67F8-45C0-85CF-95D490707D50}"
	ProjectSection(ProjectDependencies) = postProject
		{ABC84F9A-3E1F-4827-8EB8-F6DE6F78904B} = {ABC84F9A-3E1F-4827-8EB8-F6DE6F78904B}
		{0761ACA0-AAB1-4FDB-B9A8-3729157B331C} = {0761ACA0-AAB1-4FDB-B9A8-3729157B331C}
		{7EC88EA3-4500-40B6-97BD-CF0353D52FF5} = {7EC88EA3-4500-40B6-97BD-CF0353D52FF5}
	EndProjectSection
EndProject
Project("{FAE04EC0-301F-11D3-BF4B-00C04F79EFBC}") = "Feng.Dao", "Feng.Dao\Feng.Dao.csproj", "{284BE641-557D-4DB8-83F7-DDB2D1C06121}"
	ProjectSection(ProjectDependencies) = postProject
		{DB143125-34D2-4C56-8506-C51F9E06736A} = {DB143125-34D2-4C56-8506-C51F9E06736A}
		{732C962A-07AC-44AF-8608-8BCD46341E70} = {732C962A-07AC-44AF-8608-8BCD46341E70}
		{E5257D3B-E4B9-4502-B7AB-84820EECF5E5} = {E5257D3B-E4B9-4502-B7AB-84820EECF5E5}
		{30E49865-BD2E-4B1C-A35C-6C81B2A54292} = {30E49865-BD2E-4B1C-A35C-6C81B2A54292}
		{123DAB76-C8DD-4F1C-BD84-74B539B5C45F} = {123DAB76-C8DD-4F1C-BD84-74B539B5C45F}
		{ABC84F9A-3E1F-4827-8EB8-F6DE6F78904B} = {ABC84F9A-3E1F-4827-8EB8-F6DE6F78904B}
		{0761ACA0-AAB1-4FDB-B9A8-3729157B331C} = {0761ACA0-AAB1-4FDB-B9A8-3729157B331C}
		{7EC88EA3-4500-40B6-97BD-CF0353D52FF5} = {7EC88EA3-4500-40B6-97BD-CF0353D52FF5}
		{BC3E6AB2-67F8-45C0-85CF-95D490707D50} = {BC3E6AB2-67F8-45C0-85CF-95D490707D50}
		{1DD789E3-AE0A-4BF4-B43B-5AE2A9F8573F} = {1DD789E3-AE0A-4BF4-B43B-5AE2A9F8573F}
	EndProjectSection
EndProject
Project("{FAE04EC0-301F-11D3-BF4B-00C04F79EFBC}") = "Feng.Model", "Feng.Model\Feng.Model.csproj", "{0761ACA0-AAB1-4FDB-B9A8-3729157B331C}"
EndProject
Project("{FAE04EC0-301F-11D3-BF4B-00C04F79EFBC}") = "Feng.View", "Feng.View\Feng.View.csproj", "{7EC88EA3-4500-40B6-97BD-CF0353D52FF5}"
	ProjectSection(ProjectDependencies) = postProject
		{ABC84F9A-3E1F-4827-8EB8-F6DE6F78904B} = {ABC84F9A-3E1F-4827-8EB8-F6DE6F78904B}
	EndProjectSection
EndProject
Project("{2150E333-8FDC-42A3-9474-1A3956D46DE8}") = "Solution Items", "Solution Items", "{4C360C24-E6DE-4328-99E3-F5520741FEE2}"
	ProjectSection(SolutionItems) = preProject
		assembly relations.txt = assembly relations.txt
	EndProjectSection
EndProject
Global
	GlobalSection(SolutionConfigurationPlatforms) = preSolution
		Debug|Any CPU = Debug|Any CPU
		Release|Any CPU = Release|Any CPU
	EndGlobalSection
	GlobalSection(ProjectConfigurationPlatforms) = postSolution
		{34DFADA2-612E-4C56-8062-99E08DAF2CFC}.Debug|Any CPU.ActiveCfg = Debug|Any CPU
		{34DFADA2-612E-4C56-8062-99E08DAF2CFC}.Debug|Any CPU.Build.0 = Debug|Any CPU
		{34DFADA2-612E-4C56-8062-99E08DAF2CFC}.Release|Any CPU.ActiveCfg = Release|Any CPU
		{34DFADA2-612E-4C56-8062-99E08DAF2CFC}.Release|Any CPU.Build.0 = Release|Any CPU
		{732C962A-07AC-44AF-8608-8BCD46341E70}.Debug|Any CPU.ActiveCfg = Debug|Any CPU
		{732C962A-07AC-44AF-8608-8BCD46341E70}.Debug|Any CPU.Build.0 = Debug|Any CPU
		{732C962A-07AC-44AF-8608-8BCD46341E70}.Release|Any CPU.ActiveCfg = Release|Any CPU
		{732C962A-07AC-44AF-8608-8BCD46341E70}.Release|Any CPU.Build.0 = Release|Any CPU
		{DB143125-34D2-4C56-8506-C51F9E06736A}.Debug|Any CPU.ActiveCfg = Debug|Any CPU
		{DB143125-34D2-4C56-8506-C51F9E06736A}.Debug|Any CPU.Build.0 = Debug|Any CPU
		{DB143125-34D2-4C56-8506-C51F9E06736A}.Release|Any CPU.ActiveCfg = Release|Any CPU
		{DB143125-34D2-4C56-8506-C51F9E06736A}.Release|Any CPU.Build.0 = Release|Any CPU
		{E5257D3B-E4B9-4502-B7AB-84820EECF5E5}.Debug|Any CPU.ActiveCfg = Debug|Any CPU
		{E5257D3B-E4B9-4502-B7AB-84820EECF5E5}.Debug|Any CPU.Build.0 = Debug|Any CPU
		{E5257D3B-E4B9-4502-B7AB-84820EECF5E5}.Release|Any CPU.ActiveCfg = Release|Any CPU
		{E5257D3B-E4B9-4502-B7AB-84820EECF5E5}.Release|Any CPU.Build.0 = Release|Any CPU
		{6CD0146F-2355-441B-88BB-5704A58049EB}.Debug|Any CPU.ActiveCfg = Debug|Any CPU
		{6CD0146F-2355-441B-88BB-5704A58049EB}.Debug|Any CPU.Build.0 = Debug|Any CPU
		{6CD0146F-2355-441B-88BB-5704A58049EB}.Release|Any CPU.ActiveCfg = Release|Any CPU
		{6CD0146F-2355-441B-88BB-5704A58049EB}.Release|Any CPU.Build.0 = Release|Any CPU
		{932640FD-754F-4346-B098-4723DFCB2271}.Debug|Any CPU.ActiveCfg = Debug|Any CPU
		{932640FD-754F-4346-B098-4723DFCB2271}.Debug|Any CPU.Build.0 = Debug|Any CPU
		{932640FD-754F-4346-B098-4723DFCB2271}.Release|Any CPU.ActiveCfg = Release|Any CPU
		{932640FD-754F-4346-B098-4723DFCB2271}.Release|Any CPU.Build.0 = Release|Any CPU
		{E4B9F632-2010-4846-83F5-9347A4B5150B}.Debug|Any CPU.ActiveCfg = Debug|Any CPU
		{E4B9F632-2010-4846-83F5-9347A4B5150B}.Debug|Any CPU.Build.0 = Debug|Any CPU
		{E4B9F632-2010-4846-83F5-9347A4B5150B}.Release|Any CPU.ActiveCfg = Release|Any CPU
		{E4B9F632-2010-4846-83F5-9347A4B5150B}.Release|Any CPU.Build.0 = Release|Any CPU
		{C2B8A87E-94C9-4637-AF91-BF294ABE0F7F}.Debug|Any CPU.ActiveCfg = Debug|Any CPU
		{C2B8A87E-94C9-4637-AF91-BF294ABE0F7F}.Debug|Any CPU.Build.0 = Debug|Any CPU
		{C2B8A87E-94C9-4637-AF91-BF294ABE0F7F}.Release|Any CPU.ActiveCfg = Release|Any CPU
		{C2B8A87E-94C9-4637-AF91-BF294ABE0F7F}.Release|Any CPU.Build.0 = Release|Any CPU
		{E24BD401-38B8-410D-90A8-2C1AB0F94C3F}.Debug|Any CPU.ActiveCfg = Debug|Any CPU
		{E24BD401-38B8-410D-90A8-2C1AB0F94C3F}.Debug|Any CPU.Build.0 = Debug|Any CPU
		{E24BD401-38B8-410D-90A8-2C1AB0F94C3F}.Release|Any CPU.ActiveCfg = Release|Any CPU
		{E24BD401-38B8-410D-90A8-2C1AB0F94C3F}.Release|Any CPU.Build.0 = Release|Any CPU
		{30E49865-BD2E-4B1C-A35C-6C81B2A54292}.Debug|Any CPU.ActiveCfg = Debug|Any CPU
		{30E49865-BD2E-4B1C-A35C-6C81B2A54292}.Debug|Any CPU.Build.0 = Debug|Any CPU
		{30E49865-BD2E-4B1C-A35C-6C81B2A54292}.Release|Any CPU.ActiveCfg = Release|Any CPU
		{30E49865-BD2E-4B1C-A35C-6C81B2A54292}.Release|Any CPU.Build.0 = Release|Any CPU
		{ED35E299-67D7-4A3F-A63F-643481FCC633}.Debug|Any CPU.ActiveCfg = Debug|Any CPU
		{ED35E299-67D7-4A3F-A63F-643481FCC633}.Debug|Any CPU.Build.0 = Debug|Any CPU
		{ED35E299-67D7-4A3F-A63F-643481FCC633}.Release|Any CPU.ActiveCfg = Release|Any CPU
		{ED35E299-67D7-4A3F-A63F-643481FCC633}.Release|Any CPU.Build.0 = Release|Any CPU
		{123DAB76-C8DD-4F1C-BD84-74B539B5C45F}.Debug|Any CPU.ActiveCfg = Debug|Any CPU
		{123DAB76-C8DD-4F1C-BD84-74B539B5C45F}.Debug|Any CPU.Build.0 = Debug|Any CPU
		{123DAB76-C8DD-4F1C-BD84-74B539B5C45F}.Release|Any CPU.ActiveCfg = Release|Any CPU
		{123DAB76-C8DD-4F1C-BD84-74B539B5C45F}.Release|Any CPU.Build.0 = Release|Any CPU
		{686D5E69-7103-4CB2-A724-3E2C6F2EFD86}.Debug|Any CPU.ActiveCfg = Debug|Any CPU
		{686D5E69-7103-4CB2-A724-3E2C6F2EFD86}.Debug|Any CPU.Build.0 = Debug|Any CPU
		{686D5E69-7103-4CB2-A724-3E2C6F2EFD86}.Release|Any CPU.ActiveCfg = Release|Any CPU
		{686D5E69-7103-4CB2-A724-3E2C6F2EFD86}.Release|Any CPU.Build.0 = Release|Any CPU
		{32AEDA90-AC16-46B5-9869-485103141292}.Debug|Any CPU.ActiveCfg = Debug|Any CPU
		{32AEDA90-AC16-46B5-9869-485103141292}.Debug|Any CPU.Build.0 = Debug|Any CPU
		{32AEDA90-AC16-46B5-9869-485103141292}.Release|Any CPU.ActiveCfg = Release|Any CPU
		{32AEDA90-AC16-46B5-9869-485103141292}.Release|Any CPU.Build.0 = Release|Any CPU
		{A8876F05-7B89-4683-AE12-9AE5924FDC0E}.Debug|Any CPU.ActiveCfg = Debug|Any CPU
		{A8876F05-7B89-4683-AE12-9AE5924FDC0E}.Debug|Any CPU.Build.0 = Debug|Any CPU
		{A8876F05-7B89-4683-AE12-9AE5924FDC0E}.Release|Any CPU.ActiveCfg = Release|Any CPU
		{A8876F05-7B89-4683-AE12-9AE5924FDC0E}.Release|Any CPU.Build.0 = Release|Any CPU
		{A5108927-68A3-4197-A48B-6A0DAE662435}.Debug|Any CPU.ActiveCfg = Debug|Any CPU
		{A5108927-68A3-4197-A48B-6A0DAE662435}.Debug|Any CPU.Build.0 = Debug|Any CPU
		{A5108927-68A3-4197-A48B-6A0DAE662435}.Release|Any CPU.ActiveCfg = Release|Any CPU
		{A5108927-68A3-4197-A48B-6A0DAE662435}.Release|Any CPU.Build.0 = Release|Any CPU
		{276338D0-0F81-42AE-86F4-E5A9DEEF694D}.Debug|Any CPU.ActiveCfg = Debug|Any CPU
		{276338D0-0F81-42AE-86F4-E5A9DEEF694D}.Debug|Any CPU.Build.0 = Debug|Any CPU
		{276338D0-0F81-42AE-86F4-E5A9DEEF694D}.Release|Any CPU.ActiveCfg = Release|Any CPU
		{276338D0-0F81-42AE-86F4-E5A9DEEF694D}.Release|Any CPU.Build.0 = Release|Any CPU
		{1365E667-A5D2-46D6-B78C-7C6083C293F5}.Debug|Any CPU.ActiveCfg = Debug|Any CPU
		{1365E667-A5D2-46D6-B78C-7C6083C293F5}.Debug|Any CPU.Build.0 = Debug|Any CPU
		{1365E667-A5D2-46D6-B78C-7C6083C293F5}.Release|Any CPU.ActiveCfg = Release|Any CPU
		{1365E667-A5D2-46D6-B78C-7C6083C293F5}.Release|Any CPU.Build.0 = Release|Any CPU
		{442B0DA8-B78B-4015-8D9F-7EE59D632469}.Debug|Any CPU.ActiveCfg = Debug|Any CPU
		{442B0DA8-B78B-4015-8D9F-7EE59D632469}.Debug|Any CPU.Build.0 = Debug|Any CPU
		{442B0DA8-B78B-4015-8D9F-7EE59D632469}.Release|Any CPU.ActiveCfg = Release|Any CPU
		{442B0DA8-B78B-4015-8D9F-7EE59D632469}.Release|Any CPU.Build.0 = Release|Any CPU
		{D1EA1E0E-BC1A-4CF4-8BAB-FE2476B5ACE6}.Debug|Any CPU.ActiveCfg = Debug|Any CPU
		{D1EA1E0E-BC1A-4CF4-8BAB-FE2476B5ACE6}.Debug|Any CPU.Build.0 = Debug|Any CPU
		{D1EA1E0E-BC1A-4CF4-8BAB-FE2476B5ACE6}.Release|Any CPU.ActiveCfg = Release|Any CPU
		{D1EA1E0E-BC1A-4CF4-8BAB-FE2476B5ACE6}.Release|Any CPU.Build.0 = Release|Any CPU
		{60A9DA98-A865-4775-8C93-01D9C723F4DD}.Debug|Any CPU.ActiveCfg = Debug|Any CPU
		{60A9DA98-A865-4775-8C93-01D9C723F4DD}.Debug|Any CPU.Build.0 = Debug|Any CPU
		{60A9DA98-A865-4775-8C93-01D9C723F4DD}.Release|Any CPU.ActiveCfg = Release|Any CPU
		{60A9DA98-A865-4775-8C93-01D9C723F4DD}.Release|Any CPU.Build.0 = Release|Any CPU
		{1DD789E3-AE0A-4BF4-B43B-5AE2A9F8573F}.Debug|Any CPU.ActiveCfg = Debug|Any CPU
		{1DD789E3-AE0A-4BF4-B43B-5AE2A9F8573F}.Debug|Any CPU.Build.0 = Debug|Any CPU
		{1DD789E3-AE0A-4BF4-B43B-5AE2A9F8573F}.Release|Any CPU.ActiveCfg = Release|Any CPU
		{1DD789E3-AE0A-4BF4-B43B-5AE2A9F8573F}.Release|Any CPU.Build.0 = Release|Any CPU
		{4782CF78-AABF-495C-ACAD-58FC3AF77204}.Debug|Any CPU.ActiveCfg = Debug|Any CPU
		{4782CF78-AABF-495C-ACAD-58FC3AF77204}.Debug|Any CPU.Build.0 = Debug|Any CPU
		{4782CF78-AABF-495C-ACAD-58FC3AF77204}.Release|Any CPU.ActiveCfg = Release|Any CPU
		{4782CF78-AABF-495C-ACAD-58FC3AF77204}.Release|Any CPU.Build.0 = Release|Any CPU
		{14C3CA1B-2998-4B26-B837-BE1A9095B517}.Debug|Any CPU.ActiveCfg = Debug|Any CPU
		{14C3CA1B-2998-4B26-B837-BE1A9095B517}.Debug|Any CPU.Build.0 = Debug|Any CPU
		{14C3CA1B-2998-4B26-B837-BE1A9095B517}.Release|Any CPU.ActiveCfg = Release|Any CPU
		{14C3CA1B-2998-4B26-B837-BE1A9095B517}.Release|Any CPU.Build.0 = Release|Any CPU
		{7B7B5782-27D4-42E8-97D2-271188B0557E}.Debug|Any CPU.ActiveCfg = Debug|Any CPU
		{7B7B5782-27D4-42E8-97D2-271188B0557E}.Debug|Any CPU.Build.0 = Debug|Any CPU
		{7B7B5782-27D4-42E8-97D2-271188B0557E}.Release|Any CPU.ActiveCfg = Release|Any CPU
		{7B7B5782-27D4-42E8-97D2-271188B0557E}.Release|Any CPU.Build.0 = Release|Any CPU
		{AB5BA1B3-633A-4D93-B464-EC836778FD45}.Debug|Any CPU.ActiveCfg = Debug|Any CPU
		{AB5BA1B3-633A-4D93-B464-EC836778FD45}.Debug|Any CPU.Build.0 = Debug|Any CPU
		{AB5BA1B3-633A-4D93-B464-EC836778FD45}.Release|Any CPU.ActiveCfg = Release|Any CPU
		{AB5BA1B3-633A-4D93-B464-EC836778FD45}.Release|Any CPU.Build.0 = Release|Any CPU
		{67B477A7-E8E8-445F-8393-6ED76F5C37D9}.Debug|Any CPU.ActiveCfg = Debug|Any CPU
		{67B477A7-E8E8-445F-8393-6ED76F5C37D9}.Debug|Any CPU.Build.0 = Debug|Any CPU
		{67B477A7-E8E8-445F-8393-6ED76F5C37D9}.Release|Any CPU.ActiveCfg = Release|Any CPU
		{67B477A7-E8E8-445F-8393-6ED76F5C37D9}.Release|Any CPU.Build.0 = Release|Any CPU
		{ABC84F9A-3E1F-4827-8EB8-F6DE6F78904B}.Debug|Any CPU.ActiveCfg = Debug|Any CPU
		{ABC84F9A-3E1F-4827-8EB8-F6DE6F78904B}.Debug|Any CPU.Build.0 = Debug|Any CPU
		{ABC84F9A-3E1F-4827-8EB8-F6DE6F78904B}.Release|Any CPU.ActiveCfg = Release|Any CPU
		{ABC84F9A-3E1F-4827-8EB8-F6DE6F78904B}.Release|Any CPU.Build.0 = Release|Any CPU
		{BC3E6AB2-67F8-45C0-85CF-95D490707D50}.Debug|Any CPU.ActiveCfg = Debug|Any CPU
		{BC3E6AB2-67F8-45C0-85CF-95D490707D50}.Debug|Any CPU.Build.0 = Debug|Any CPU
		{BC3E6AB2-67F8-45C0-85CF-95D490707D50}.Release|Any CPU.ActiveCfg = Release|Any CPU
		{BC3E6AB2-67F8-45C0-85CF-95D490707D50}.Release|Any CPU.Build.0 = Release|Any CPU
		{284BE641-557D-4DB8-83F7-DDB2D1C06121}.Debug|Any CPU.ActiveCfg = Debug|Any CPU
		{284BE641-557D-4DB8-83F7-DDB2D1C06121}.Debug|Any CPU.Build.0 = Debug|Any CPU
		{284BE641-557D-4DB8-83F7-DDB2D1C06121}.Release|Any CPU.ActiveCfg = Release|Any CPU
		{284BE641-557D-4DB8-83F7-DDB2D1C06121}.Release|Any CPU.Build.0 = Release|Any CPU
		{0761ACA0-AAB1-4FDB-B9A8-3729157B331C}.Debug|Any CPU.ActiveCfg = Debug|Any CPU
		{0761ACA0-AAB1-4FDB-B9A8-3729157B331C}.Debug|Any CPU.Build.0 = Debug|Any CPU
		{0761ACA0-AAB1-4FDB-B9A8-3729157B331C}.Release|Any CPU.ActiveCfg = Release|Any CPU
		{0761ACA0-AAB1-4FDB-B9A8-3729157B331C}.Release|Any CPU.Build.0 = Release|Any CPU
		{7EC88EA3-4500-40B6-97BD-CF0353D52FF5}.Debug|Any CPU.ActiveCfg = Debug|Any CPU
		{7EC88EA3-4500-40B6-97BD-CF0353D52FF5}.Debug|Any CPU.Build.0 = Debug|Any CPU
		{7EC88EA3-4500-40B6-97BD-CF0353D52FF5}.Release|Any CPU.ActiveCfg = Release|Any CPU
		{7EC88EA3-4500-40B6-97BD-CF0353D52FF5}.Release|Any CPU.Build.0 = Release|Any CPU
	EndGlobalSection
	GlobalSection(SolutionProperties) = preSolution
		HideSolutionNode = FALSE
	EndGlobalSection
EndGlobal
