
Microsoft Visual Studio Solution File, Format Version 11.00
# Visual Studio 2010
Project("{FAE04EC0-301F-11D3-BF4B-00C04F79EFBC}") = "Feng.Base", "Feng.Base.csproj", "{ABC84F9A-3E1F-4827-8EB8-F6DE6F78904B}"
EndProject
Global
	GlobalSection(SolutionConfigurationPlatforms) = preSolution
		Debug|Any CPU = Debug|Any CPU
		Release|Any CPU = Release|Any CPU
	EndGlobalSection
	GlobalSection(ProjectConfigurationPlatforms) = postSolution
		{ABC84F9A-3E1F-4827-8EB8-F6DE6F78904B}.Debug|Any CPU.ActiveCfg = Debug|Any CPU
		{ABC84F9A-3E1F-4827-8EB8-F6DE6F78904B}.Debug|Any CPU.Build.0 = Debug|Any CPU
		{ABC84F9A-3E1F-4827-8EB8-F6DE6F78904B}.Release|Any CPU.ActiveCfg = Release|Any CPU
		{ABC84F9A-3E1F-4827-8EB8-F6DE6F78904B}.Release|Any CPU.Build.0 = Release|Any CPU
	EndGlobalSection
	GlobalSection(SolutionProperties) = preSolution
		HideSolutionNode = FALSE
	EndGlobalSection
EndGlobal
