
Microsoft Visual Studio Solution File, Format Version 10.00
# Visual Studio 2008
Project("{FAE04EC0-301F-11D3-BF4B-00C04F79EFBC}") = "Feng.Run", "Feng.Run.csproj", "{34DFADA2-612E-4C56-8062-99E08DAF2CFC}"
EndProject
Global
	GlobalSection(SolutionConfigurationPlatforms) = preSolution
		Debug|Any CPU = Debug|Any CPU
		Debug|x86 = Debug|x86
		Release|Any CPU = Release|Any CPU
		Release|x86 = Release|x86
	EndGlobalSection
	GlobalSection(ProjectConfigurationPlatforms) = postSolution
		{34DFADA2-612E-4C56-8062-99E08DAF2CFC}.Debug|Any CPU.ActiveCfg = Debug|Any CPU
		{34DFADA2-612E-4C56-8062-99E08DAF2CFC}.Debug|Any CPU.Build.0 = Debug|Any CPU
		{34DFADA2-612E-4C56-8062-99E08DAF2CFC}.Debug|x86.ActiveCfg = Debug|Any CPU
		{34DFADA2-612E-4C56-8062-99E08DAF2CFC}.Release|Any CPU.ActiveCfg = Release|Any CPU
		{34DFADA2-612E-4C56-8062-99E08DAF2CFC}.Release|Any CPU.Build.0 = Release|Any CPU
		{34DFADA2-612E-4C56-8062-99E08DAF2CFC}.Release|x86.ActiveCfg = Release|Any CPU
	EndGlobalSection
	GlobalSection(SolutionProperties) = preSolution
		HideSolutionNode = FALSE
	EndGlobalSection
EndGlobal
