
Microsoft Visual Studio Solution File, Format Version 10.00
# Visual Studio 2008
Project("{FAE04EC0-301F-11D3-BF4B-00C04F79EFBC}") = "Feng.Security", "Feng.Security.csproj", "{123DAB76-C8DD-4F1C-BD84-74B539B5C45F}"
EndProject
Project("{FAE04EC0-301F-11D3-BF4B-00C04F79EFBC}") = "CredentialsManager", "..\CredentialsManagerClient\CredentialsManager.csproj", "{32AEDA90-AC16-46B5-9869-485103141292}"
EndProject
Global
	GlobalSection(SolutionConfigurationPlatforms) = preSolution
		Debug|Any CPU = Debug|Any CPU
		Release|Any CPU = Release|Any CPU
	EndGlobalSection
	GlobalSection(ProjectConfigurationPlatforms) = postSolution
		{123DAB76-C8DD-4F1C-BD84-74B539B5C45F}.Debug|Any CPU.ActiveCfg = Debug|Any CPU
		{123DAB76-C8DD-4F1C-BD84-74B539B5C45F}.Debug|Any CPU.Build.0 = Debug|Any CPU
		{123DAB76-C8DD-4F1C-BD84-74B539B5C45F}.Release|Any CPU.ActiveCfg = Release|Any CPU
		{123DAB76-C8DD-4F1C-BD84-74B539B5C45F}.Release|Any CPU.Build.0 = Release|Any CPU
		{32AEDA90-AC16-46B5-9869-485103141292}.Debug|Any CPU.ActiveCfg = Debug|Any CPU
		{32AEDA90-AC16-46B5-9869-485103141292}.Debug|Any CPU.Build.0 = Debug|Any CPU
		{32AEDA90-AC16-46B5-9869-485103141292}.Release|Any CPU.ActiveCfg = Release|Any CPU
		{32AEDA90-AC16-46B5-9869-485103141292}.Release|Any CPU.Build.0 = Release|Any CPU
	EndGlobalSection
	GlobalSection(SolutionProperties) = preSolution
		HideSolutionNode = FALSE
	EndGlobalSection
EndGlobal
