
Microsoft Visual Studio Solution File, Format Version 11.00
# Visual Studio 2010
Project("{FAE04EC0-301F-11D3-BF4B-00C04F79EFBC}") = "Feng.GPS", "Feng.GPS.csproj", "{4782CF78-AABF-495C-ACAD-58FC3AF77204}"
EndProject
Global
	GlobalSection(SolutionConfigurationPlatforms) = preSolution
		Debug|Any CPU = Debug|Any CPU
		Release|Any CPU = Release|Any CPU
	EndGlobalSection
	GlobalSection(ProjectConfigurationPlatforms) = postSolution
		{4782CF78-AABF-495C-ACAD-58FC3AF77204}.Debug|Any CPU.ActiveCfg = Debug|Any CPU
		{4782CF78-AABF-495C-ACAD-58FC3AF77204}.Debug|Any CPU.Build.0 = Debug|Any CPU
		{4782CF78-AABF-495C-ACAD-58FC3AF77204}.Release|Any CPU.ActiveCfg = Release|Any CPU
		{4782CF78-AABF-495C-ACAD-58FC3AF77204}.Release|Any CPU.Build.0 = Release|Any CPU
	EndGlobalSection
	GlobalSection(SolutionProperties) = preSolution
		HideSolutionNode = FALSE
	EndGlobalSection
EndGlobal
